// !$*UTF8*$!
{
	archiveVersion = 1;
	classes = {
	};
	objectVersion = 56;
	objects = {

/* Begin PBXBuildFile section */
		100000000000000000001001 /* AdapterPreview.swift in Sources */ = {isa = PBXBuildFile; fileRef = 100000000000000000000001 /* AdapterPreview.swift */; };
		100000000000000000001002 /* AgentOverview.swift in Sources */ = {isa = PBXBuildFile; fileRef = 100000000000000000000002 /* AgentOverview.swift */; };
		100000000000000000001003 /* AgentViewResolver.swift in Sources */ = {isa = PBXBuildFile; fileRef = 100000000000000000000003 /* AgentViewResolver.swift */; };
		100000000000000000001004 /* ApplyPlan.swift in Sources */ = {isa = PBXBuildFile; fileRef = 100000000000000000000004 /* ApplyPlan.swift */; };
		100000000000000000001005 /* CapabilityDisplayGrouper.swift in Sources */ = {isa = PBXBuildFile; fileRef = 100000000000000000000005 /* CapabilityDisplayGrouper.swift */; };
		100000000000000000001006 /* CapabilityExplainer.swift in Sources */ = {isa = PBXBuildFile; fileRef = 100000000000000000000006 /* CapabilityExplainer.swift */; };
		100000000000000000001007 /* CapabilityResolver.swift in Sources */ = {isa = PBXBuildFile; fileRef = 100000000000000000000007 /* CapabilityResolver.swift */; };
		100000000000000000001008 /* CapabilityScanner.swift in Sources */ = {isa = PBXBuildFile; fileRef = 100000000000000000000008 /* CapabilityScanner.swift */; };
		100000000000000000001009 /* CapabilitySnapshotStore.swift in Sources */ = {isa = PBXBuildFile; fileRef = 100000000000000000000009 /* CapabilitySnapshotStore.swift */; };
		100000000000000000001010 /* DoctorReport.swift in Sources */ = {isa = PBXBuildFile; fileRef = 100000000000000000000010 /* DoctorReport.swift */; };
		100000000000000000001011 /* DriftReport.swift in Sources */ = {isa = PBXBuildFile; fileRef = 100000000000000000000011 /* DriftReport.swift */; };
		100000000000000000001012 /* Models.swift in Sources */ = {isa = PBXBuildFile; fileRef = 100000000000000000000012 /* Models.swift */; };
		100000000000000000001013 /* ProjectLibraryStore.swift in Sources */ = {isa = PBXBuildFile; fileRef = 100000000000000000000013 /* ProjectLibraryStore.swift */; };
		100000000000000000001014 /* SkillsCLICompatibility.swift in Sources */ = {isa = PBXBuildFile; fileRef = 100000000000000000000014 /* SkillsCLICompatibility.swift */; };
		200000000000000000001001 /* AgentSelection.swift in Sources */ = {isa = PBXBuildFile; fileRef = 200000000000000000000001 /* AgentSelection.swift */; };
		200000000000000000001002 /* AppTelemetry.swift in Sources */ = {isa = PBXBuildFile; fileRef = 200000000000000000000002 /* AppTelemetry.swift */; };
		200000000000000000001003 /* CapabilityCollectionView.swift in Sources */ = {isa = PBXBuildFile; fileRef = 200000000000000000000003 /* CapabilityCollectionView.swift */; };
		200000000000000000001004 /* CapabilityDisplayText.swift in Sources */ = {isa = PBXBuildFile; fileRef = 200000000000000000000004 /* CapabilityDisplayText.swift */; };
		200000000000000000001005 /* CapabilityInspectorView.swift in Sources */ = {isa = PBXBuildFile; fileRef = 200000000000000000000005 /* CapabilityInspectorView.swift */; };
		200000000000000000001006 /* CapabilityMainView.swift in Sources */ = {isa = PBXBuildFile; fileRef = 200000000000000000000006 /* CapabilityMainView.swift */; };
		200000000000000000001007 /* CapabilitySourceClassifier.swift in Sources */ = {isa = PBXBuildFile; fileRef = 200000000000000000000007 /* CapabilitySourceClassifier.swift */; };
		200000000000000000001008 /* ContentView.swift in Sources */ = {isa = PBXBuildFile; fileRef = 200000000000000000000008 /* ContentView.swift */; };
		200000000000000000001009 /* FullDiskAccessGate.swift in Sources */ = {isa = PBXBuildFile; fileRef = 200000000000000000000009 /* FullDiskAccessGate.swift */; };
		200000000000000000001010 /* OrbitaApp.swift in Sources */ = {isa = PBXBuildFile; fileRef = 200000000000000000000010 /* OrbitaApp.swift */; };
		200000000000000000001011 /* OrbitaSettingsView.swift in Sources */ = {isa = PBXBuildFile; fileRef = 200000000000000000000011 /* OrbitaSettingsView.swift */; };
		200000000000000000001012 /* OrbitaSheets.swift in Sources */ = {isa = PBXBuildFile; fileRef = 200000000000000000000012 /* OrbitaSheets.swift */; };
		200000000000000000001013 /* OrbitaSidebarView.swift in Sources */ = {isa = PBXBuildFile; fileRef = 200000000000000000000013 /* OrbitaSidebarView.swift */; };
		200000000000000000001014 /* OrbitaWindowChrome.swift in Sources */ = {isa = PBXBuildFile; fileRef = 200000000000000000000014 /* OrbitaWindowChrome.swift */; };
		200000000000000000001015 /* ProjectCapabilityStore.swift in Sources */ = {isa = PBXBuildFile; fileRef = 200000000000000000000015 /* ProjectCapabilityStore.swift */; };
		200000000000000000001016 /* OrbitaTheme.swift in Sources */ = {isa = PBXBuildFile; fileRef = 200000000000000000000016 /* OrbitaTheme.swift */; };
		300000000000000000001001 /* libOrbitaCore.a in Frameworks */ = {isa = PBXBuildFile; fileRef = 300000000000000000000002 /* libOrbitaCore.a */; };
		500000000000000000001001 /* Sparkle in Frameworks */ = {isa = PBXBuildFile; productRef = 500000000000000000002002 /* Sparkle */; };
/* End PBXBuildFile section */

/* Begin PBXContainerItemProxy section */
		300000000000000000002001 /* PBXContainerItemProxy */ = {
			isa = PBXContainerItemProxy;
			containerPortal = 000000000000000000000001 /* Project object */;
			proxyType = 1;
			remoteGlobalIDString = 400000000000000000000001;
			remoteInfo = OrbitaCore;
		};
/* End PBXContainerItemProxy section */

/* Begin PBXFileReference section */
		100000000000000000000001 /* AdapterPreview.swift */ = {isa = PBXFileReference; lastKnownFileType = sourcecode.swift; path = AdapterPreview.swift; sourceTree = "<group>"; };
		100000000000000000000002 /* AgentOverview.swift */ = {isa = PBXFileReference; lastKnownFileType = sourcecode.swift; path = AgentOverview.swift; sourceTree = "<group>"; };
		100000000000000000000003 /* AgentViewResolver.swift */ = {isa = PBXFileReference; lastKnownFileType = sourcecode.swift; path = AgentViewResolver.swift; sourceTree = "<group>"; };
		100000000000000000000004 /* ApplyPlan.swift */ = {isa = PBXFileReference; lastKnownFileType = sourcecode.swift; path = ApplyPlan.swift; sourceTree = "<group>"; };
		100000000000000000000005 /* CapabilityDisplayGrouper.swift */ = {isa = PBXFileReference; lastKnownFileType = sourcecode.swift; path = CapabilityDisplayGrouper.swift; sourceTree = "<group>"; };
		100000000000000000000006 /* CapabilityExplainer.swift */ = {isa = PBXFileReference; lastKnownFileType = sourcecode.swift; path = CapabilityExplainer.swift; sourceTree = "<group>"; };
		100000000000000000000007 /* CapabilityResolver.swift */ = {isa = PBXFileReference; lastKnownFileType = sourcecode.swift; path = CapabilityResolver.swift; sourceTree = "<group>"; };
		100000000000000000000008 /* CapabilityScanner.swift */ = {isa = PBXFileReference; lastKnownFileType = sourcecode.swift; path = CapabilityScanner.swift; sourceTree = "<group>"; };
		100000000000000000000009 /* CapabilitySnapshotStore.swift */ = {isa = PBXFileReference; lastKnownFileType = sourcecode.swift; path = CapabilitySnapshotStore.swift; sourceTree = "<group>"; };
		100000000000000000000010 /* DoctorReport.swift */ = {isa = PBXFileReference; lastKnownFileType = sourcecode.swift; path = DoctorReport.swift; sourceTree = "<group>"; };
		100000000000000000000011 /* DriftReport.swift */ = {isa = PBXFileReference; lastKnownFileType = sourcecode.swift; path = DriftReport.swift; sourceTree = "<group>"; };
		100000000000000000000012 /* Models.swift */ = {isa = PBXFileReference; lastKnownFileType = sourcecode.swift; path = Models.swift; sourceTree = "<group>"; };
		100000000000000000000013 /* ProjectLibraryStore.swift */ = {isa = PBXFileReference; lastKnownFileType = sourcecode.swift; path = ProjectLibraryStore.swift; sourceTree = "<group>"; };
		100000000000000000000014 /* SkillsCLICompatibility.swift */ = {isa = PBXFileReference; lastKnownFileType = sourcecode.swift; path = SkillsCLICompatibility.swift; sourceTree = "<group>"; };
		200000000000000000000001 /* AgentSelection.swift */ = {isa = PBXFileReference; lastKnownFileType = sourcecode.swift; path = AgentSelection.swift; sourceTree = "<group>"; };
		200000000000000000000002 /* AppTelemetry.swift */ = {isa = PBXFileReference; lastKnownFileType = sourcecode.swift; path = AppTelemetry.swift; sourceTree = "<group>"; };
		200000000000000000000003 /* CapabilityCollectionView.swift */ = {isa = PBXFileReference; lastKnownFileType = sourcecode.swift; path = CapabilityCollectionView.swift; sourceTree = "<group>"; };
		200000000000000000000004 /* CapabilityDisplayText.swift */ = {isa = PBXFileReference; lastKnownFileType = sourcecode.swift; path = CapabilityDisplayText.swift; sourceTree = "<group>"; };
		200000000000000000000005 /* CapabilityInspectorView.swift */ = {isa = PBXFileReference; lastKnownFileType = sourcecode.swift; path = CapabilityInspectorView.swift; sourceTree = "<group>"; };
		200000000000000000000006 /* CapabilityMainView.swift */ = {isa = PBXFileReference; lastKnownFileType = sourcecode.swift; path = CapabilityMainView.swift; sourceTree = "<group>"; };
		200000000000000000000007 /* CapabilitySourceClassifier.swift */ = {isa = PBXFileReference; lastKnownFileType = sourcecode.swift; path = CapabilitySourceClassifier.swift; sourceTree = "<group>"; };
		200000000000000000000008 /* ContentView.swift */ = {isa = PBXFileReference; lastKnownFileType = sourcecode.swift; path = ContentView.swift; sourceTree = "<group>"; };
		200000000000000000000009 /* FullDiskAccessGate.swift */ = {isa = PBXFileReference; lastKnownFileType = sourcecode.swift; path = FullDiskAccessGate.swift; sourceTree = "<group>"; };
		200000000000000000000010 /* OrbitaApp.swift */ = {isa = PBXFileReference; lastKnownFileType = sourcecode.swift; path = OrbitaApp.swift; sourceTree = "<group>"; };
		200000000000000000000011 /* OrbitaSettingsView.swift */ = {isa = PBXFileReference; lastKnownFileType = sourcecode.swift; path = OrbitaSettingsView.swift; sourceTree = "<group>"; };
		200000000000000000000012 /* OrbitaSheets.swift */ = {isa = PBXFileReference; lastKnownFileType = sourcecode.swift; path = OrbitaSheets.swift; sourceTree = "<group>"; };
		200000000000000000000013 /* OrbitaSidebarView.swift */ = {isa = PBXFileReference; lastKnownFileType = sourcecode.swift; path = OrbitaSidebarView.swift; sourceTree = "<group>"; };
		200000000000000000000014 /* OrbitaWindowChrome.swift */ = {isa = PBXFileReference; lastKnownFileType = sourcecode.swift; path = OrbitaWindowChrome.swift; sourceTree = "<group>"; };
		200000000000000000000015 /* ProjectCapabilityStore.swift */ = {isa = PBXFileReference; lastKnownFileType = sourcecode.swift; path = ProjectCapabilityStore.swift; sourceTree = "<group>"; };
		200000000000000000000016 /* OrbitaTheme.swift */ = {isa = PBXFileReference; lastKnownFileType = sourcecode.swift; path = OrbitaTheme.swift; sourceTree = "<group>"; };
		300000000000000000000001 /* Orbita.app */ = {isa = PBXFileReference; explicitFileType = wrapper.application; includeInIndex = 0; path = Orbita.app; sourceTree = BUILT_PRODUCTS_DIR; };
		300000000000000000000002 /* libOrbitaCore.a */ = {isa = PBXFileReference; explicitFileType = archive.ar; includeInIndex = 0; path = libOrbitaCore.a; sourceTree = BUILT_PRODUCTS_DIR; };
		300000000000000000000003 /* Info.plist */ = {isa = PBXFileReference; lastKnownFileType = text.plist.xml; path = Info.plist; sourceTree = "<group>"; };
		300000000000000000000004 /* OrbitaApp.entitlements */ = {isa = PBXFileReference; lastKnownFileType = text.plist.entitlements; path = OrbitaApp.entitlements; sourceTree = "<group>"; };
/* End PBXFileReference section */

/* Begin PBXFrameworksBuildPhase section */
		300000000000000000003001 /* Frameworks */ = {
			isa = PBXFrameworksBuildPhase;
			buildActionMask = 2147483647;
			files = (
				300000000000000000001001 /* libOrbitaCore.a in Frameworks */,
				500000000000000000001001 /* Sparkle in Frameworks */,
			);
			runOnlyForDeploymentPostprocessing = 0;
		};
/* End PBXFrameworksBuildPhase section */

/* Begin PBXGroup section */
		000000000000000000000002 = {
			isa = PBXGroup;
			children = (
				300000000000000000000006 /* Sources */,
				300000000000000000000009 /* Support */,
				300000000000000000000005 /* Products */,
			);
			sourceTree = "<group>";
		};
		300000000000000000000005 /* Products */ = {
			isa = PBXGroup;
			children = (
				300000000000000000000001 /* Orbita.app */,
				300000000000000000000002 /* libOrbitaCore.a */,
			);
			name = Products;
			sourceTree = "<group>";
		};
		300000000000000000000006 /* Sources */ = {
			isa = PBXGroup;
			children = (
				300000000000000000000007 /* OrbitaApp */,
				300000000000000000000008 /* OrbitaCore */,
			);
			path = Sources;
			sourceTree = "<group>";
		};
		300000000000000000000007 /* OrbitaApp */ = {
			isa = PBXGroup;
			children = (
				200000000000000000000001 /* AgentSelection.swift */,
				200000000000000000000002 /* AppTelemetry.swift */,
				200000000000000000000003 /* CapabilityCollectionView.swift */,
				200000000000000000000004 /* CapabilityDisplayText.swift */,
				200000000000000000000005 /* CapabilityInspectorView.swift */,
				200000000000000000000006 /* CapabilityMainView.swift */,
				200000000000000000000007 /* CapabilitySourceClassifier.swift */,
				200000000000000000000008 /* ContentView.swift */,
				200000000000000000000009 /* FullDiskAccessGate.swift */,
				200000000000000000000010 /* OrbitaApp.swift */,
				200000000000000000000011 /* OrbitaSettingsView.swift */,
				200000000000000000000012 /* OrbitaSheets.swift */,
				200000000000000000000013 /* OrbitaSidebarView.swift */,
				200000000000000000000016 /* OrbitaTheme.swift */,
				200000000000000000000014 /* OrbitaWindowChrome.swift */,
				200000000000000000000015 /* ProjectCapabilityStore.swift */,
			);
			path = OrbitaApp;
			sourceTree = "<group>";
		};
		300000000000000000000008 /* OrbitaCore */ = {
			isa = PBXGroup;
			children = (
				100000000000000000000001 /* AdapterPreview.swift */,
				100000000000000000000002 /* AgentOverview.swift */,
				100000000000000000000003 /* AgentViewResolver.swift */,
				100000000000000000000004 /* ApplyPlan.swift */,
				100000000000000000000005 /* CapabilityDisplayGrouper.swift */,
				100000000000000000000006 /* CapabilityExplainer.swift */,
				100000000000000000000007 /* CapabilityResolver.swift */,
				100000000000000000000008 /* CapabilityScanner.swift */,
				100000000000000000000009 /* CapabilitySnapshotStore.swift */,
				100000000000000000000010 /* DoctorReport.swift */,
				100000000000000000000011 /* DriftReport.swift */,
				100000000000000000000012 /* Models.swift */,
				100000000000000000000013 /* ProjectLibraryStore.swift */,
				100000000000000000000014 /* SkillsCLICompatibility.swift */,
			);
			path = OrbitaCore;
			sourceTree = "<group>";
		};
		300000000000000000000009 /* Support */ = {
			isa = PBXGroup;
			children = (
				300000000000000000000010 /* OrbitaApp */,
			);
			path = Support;
			sourceTree = "<group>";
		};
		300000000000000000000010 /* OrbitaApp */ = {
			isa = PBXGroup;
			children = (
				300000000000000000000003 /* Info.plist */,
				300000000000000000000004 /* OrbitaApp.entitlements */,
			);
			path = OrbitaApp;
			sourceTree = "<group>";
		};
/* End PBXGroup section */

/* Begin PBXNativeTarget section */
		400000000000000000000001 /* OrbitaCore */ = {
			isa = PBXNativeTarget;
			buildConfigurationList = 300000000000000000006003 /* Build configuration list for PBXNativeTarget "OrbitaCore" */;
			buildPhases = (
				300000000000000000004002 /* Sources */,
			);
			buildRules = (
			);
			dependencies = (
			);
			name = OrbitaCore;
			productName = OrbitaCore;
			productReference = 300000000000000000000002 /* libOrbitaCore.a */;
			productType = "com.apple.product-type.library.static";
		};
		400000000000000000000002 /* Orbita */ = {
			isa = PBXNativeTarget;
			buildConfigurationList = 300000000000000000006002 /* Build configuration list for PBXNativeTarget "Orbita" */;
			buildPhases = (
				300000000000000000004001 /* Sources */,
				300000000000000000003001 /* Frameworks */,
			);
			buildRules = (
			);
			dependencies = (
				300000000000000000002002 /* PBXTargetDependency */,
			);
			name = Orbita;
			packageProductDependencies = (
				500000000000000000002002 /* Sparkle */,
			);
			productName = Orbita;
			productReference = 300000000000000000000001 /* Orbita.app */;
			productType = "com.apple.product-type.application";
		};
/* End PBXNativeTarget section */

/* Begin PBXProject section */
		000000000000000000000001 /* Project object */ = {
			isa = PBXProject;
			attributes = {
				BuildIndependentTargetsInParallel = 1;
				LastSwiftUpdateCheck = 1600;
				LastUpgradeCheck = 1600;
				TargetAttributes = {
					400000000000000000000001 = {
						CreatedOnToolsVersion = 16.0;
					};
					400000000000000000000002 = {
						CreatedOnToolsVersion = 16.0;
					};
				};
			};
			buildConfigurationList = 300000000000000000006001 /* Build configuration list for PBXProject "Orbita" */;
			compatibilityVersion = "Xcode 14.0";
			developmentRegion = en;
			hasScannedForEncodings = 0;
			knownRegions = (
				en,
				Base,
			);
			mainGroup = 000000000000000000000002;
			packageReferences = (
				500000000000000000002001 /* XCRemoteSwiftPackageReference "Sparkle" */,
			);
			productRefGroup = 300000000000000000000005 /* Products */;
			projectDirPath = "";
			projectRoot = "";
			targets = (
				400000000000000000000002 /* Orbita */,
				400000000000000000000001 /* OrbitaCore */,
			);
		};
/* End PBXProject section */

/* Begin PBXSourcesBuildPhase section */
		300000000000000000004001 /* Sources */ = {
			isa = PBXSourcesBuildPhase;
			buildActionMask = 2147483647;
			files = (
				200000000000000000001001 /* AgentSelection.swift in Sources */,
				200000000000000000001002 /* AppTelemetry.swift in Sources */,
				200000000000000000001003 /* CapabilityCollectionView.swift in Sources */,
				200000000000000000001004 /* CapabilityDisplayText.swift in Sources */,
				200000000000000000001005 /* CapabilityInspectorView.swift in Sources */,
				200000000000000000001006 /* CapabilityMainView.swift in Sources */,
				200000000000000000001007 /* CapabilitySourceClassifier.swift in Sources */,
				200000000000000000001008 /* ContentView.swift in Sources */,
				200000000000000000001009 /* FullDiskAccessGate.swift in Sources */,
				200000000000000000001010 /* OrbitaApp.swift in Sources */,
				200000000000000000001011 /* OrbitaSettingsView.swift in Sources */,
				200000000000000000001012 /* OrbitaSheets.swift in Sources */,
				200000000000000000001013 /* OrbitaSidebarView.swift in Sources */,
				200000000000000000001016 /* OrbitaTheme.swift in Sources */,
				200000000000000000001014 /* OrbitaWindowChrome.swift in Sources */,
				200000000000000000001015 /* ProjectCapabilityStore.swift in Sources */,
			);
			runOnlyForDeploymentPostprocessing = 0;
		};
		300000000000000000004002 /* Sources */ = {
			isa = PBXSourcesBuildPhase;
			buildActionMask = 2147483647;
			files = (
				100000000000000000001001 /* AdapterPreview.swift in Sources */,
				100000000000000000001002 /* AgentOverview.swift in Sources */,
				100000000000000000001003 /* AgentViewResolver.swift in Sources */,
				100000000000000000001004 /* ApplyPlan.swift in Sources */,
				100000000000000000001005 /* CapabilityDisplayGrouper.swift in Sources */,
				100000000000000000001006 /* CapabilityExplainer.swift in Sources */,
				100000000000000000001007 /* CapabilityResolver.swift in Sources */,
				100000000000000000001008 /* CapabilityScanner.swift in Sources */,
				100000000000000000001009 /* CapabilitySnapshotStore.swift in Sources */,
				100000000000000000001010 /* DoctorReport.swift in Sources */,
				100000000000000000001011 /* DriftReport.swift in Sources */,
				100000000000000000001012 /* Models.swift in Sources */,
				100000000000000000001013 /* ProjectLibraryStore.swift in Sources */,
				100000000000000000001014 /* SkillsCLICompatibility.swift in Sources */,
			);
			runOnlyForDeploymentPostprocessing = 0;
		};
/* End PBXSourcesBuildPhase section */

/* Begin PBXTargetDependency section */
		300000000000000000002002 /* PBXTargetDependency */ = {
			isa = PBXTargetDependency;
			target = 400000000000000000000001 /* OrbitaCore */;
			targetProxy = 300000000000000000002001 /* PBXContainerItemProxy */;
		};
/* End PBXTargetDependency section */

/* Begin XCRemoteSwiftPackageReference section */
		500000000000000000002001 /* XCRemoteSwiftPackageReference "Sparkle" */ = {
			isa = XCRemoteSwiftPackageReference;
			repositoryURL = "https://github.com/sparkle-project/Sparkle";
			requirement = {
				kind = upToNextMajorVersion;
				minimumVersion = 2.9.2;
			};
		};
/* End XCRemoteSwiftPackageReference section */

/* Begin XCSwiftPackageProductDependency section */
		500000000000000000002002 /* Sparkle */ = {
			isa = XCSwiftPackageProductDependency;
			package = 500000000000000000002001 /* XCRemoteSwiftPackageReference "Sparkle" */;
			productName = Sparkle;
		};
/* End XCSwiftPackageProductDependency section */

/* Begin XCBuildConfiguration section */
		300000000000000000005001 /* Debug */ = {
			isa = XCBuildConfiguration;
			buildSettings = {
				ALWAYS_SEARCH_USER_PATHS = NO;
				CLANG_ANALYZER_NONNULL = YES;
				CLANG_ANALYZER_NUMBER_OBJECT_CONVERSION = YES_AGGRESSIVE;
				CLANG_CXX_LANGUAGE_STANDARD = "gnu++20";
				CLANG_ENABLE_MODULES = YES;
				CLANG_ENABLE_OBJC_ARC = YES;
				CLANG_ENABLE_OBJC_WEAK = YES;
				CLANG_WARN_BLOCK_CAPTURE_AUTORELEASING = YES;
				CLANG_WARN_BOOL_CONVERSION = YES;
				CLANG_WARN_COMMA = YES;
				CLANG_WARN_CONSTANT_CONVERSION = YES;
				CLANG_WARN_DEPRECATED_OBJC_IMPLEMENTATIONS = YES;
				CLANG_WARN_DIRECT_OBJC_ISA_USAGE = YES_ERROR;
				CLANG_WARN_DOCUMENTATION_COMMENTS = YES;
				CLANG_WARN_EMPTY_BODY = YES;
				CLANG_WARN_ENUM_CONVERSION = YES;
				CLANG_WARN_INFINITE_RECURSION = YES;
				CLANG_WARN_INT_CONVERSION = YES;
				CLANG_WARN_NON_LITERAL_NULL_CONVERSION = YES;
				CLANG_WARN_OBJC_IMPLICIT_RETAIN_SELF = YES;
				CLANG_WARN_OBJC_LITERAL_CONVERSION = YES;
				CLANG_WARN_OBJC_ROOT_CLASS = YES_ERROR;
				CLANG_WARN_QUOTED_INCLUDE_IN_FRAMEWORK_HEADER = YES;
				CLANG_WARN_RANGE_LOOP_ANALYSIS = YES;
				CLANG_WARN_STRICT_PROTOTYPES = YES;
				CLANG_WARN_SUSPICIOUS_MOVE = YES;
				CLANG_WARN_UNGUARDED_AVAILABILITY = YES_AGGRESSIVE;
				CLANG_WARN_UNREACHABLE_CODE = YES;
				CLANG_WARN__DUPLICATE_METHOD_MATCH = YES;
				COPY_PHASE_STRIP = NO;
				DEBUG_INFORMATION_FORMAT = dwarf;
				ENABLE_STRICT_OBJC_MSGSEND = YES;
				ENABLE_TESTABILITY = YES;
				ENABLE_USER_SCRIPT_SANDBOXING = YES;
				GCC_C_LANGUAGE_STANDARD = gnu17;
				GCC_DYNAMIC_NO_PIC = NO;
				GCC_NO_COMMON_BLOCKS = YES;
				GCC_OPTIMIZATION_LEVEL = 0;
				GCC_PREPROCESSOR_DEFINITIONS = (
					"DEBUG=1",
					"$(inherited)",
				);
				GCC_WARN_64_TO_32_BIT_CONVERSION = YES;
				GCC_WARN_ABOUT_RETURN_TYPE = YES_ERROR;
				GCC_WARN_UNDECLARED_SELECTOR = YES;
				GCC_WARN_UNINITIALIZED_AUTOS = YES_AGGRESSIVE;
				GCC_WARN_UNUSED_FUNCTION = YES;
				GCC_WARN_UNUSED_VARIABLE = YES;
				MACOSX_DEPLOYMENT_TARGET = 14.0;
				MTL_ENABLE_DEBUG_INFO = INCLUDE_SOURCE;
				MTL_FAST_MATH = YES;
				ONLY_ACTIVE_ARCH = YES;
				SDKROOT = macosx;
				SWIFT_ACTIVE_COMPILATION_CONDITIONS = DEBUG;
				SWIFT_OPTIMIZATION_LEVEL = "-Onone";
				SWIFT_VERSION = 6.0;
			};
			name = Debug;
		};
		300000000000000000005002 /* Release */ = {
			isa = XCBuildConfiguration;
			buildSettings = {
				ALWAYS_SEARCH_USER_PATHS = NO;
				CLANG_ANALYZER_NONNULL = YES;
				CLANG_ANALYZER_NUMBER_OBJECT_CONVERSION = YES_AGGRESSIVE;
				CLANG_CXX_LANGUAGE_STANDARD = "gnu++20";
				CLANG_ENABLE_MODULES = YES;
				CLANG_ENABLE_OBJC_ARC = YES;
				CLANG_ENABLE_OBJC_WEAK = YES;
				CLANG_WARN_BLOCK_CAPTURE_AUTORELEASING = YES;
				CLANG_WARN_BOOL_CONVERSION = YES;
				CLANG_WARN_COMMA = YES;
				CLANG_WARN_CONSTANT_CONVERSION = YES;
				CLANG_WARN_DEPRECATED_OBJC_IMPLEMENTATIONS = YES;
				CLANG_WARN_DIRECT_OBJC_ISA_USAGE = YES_ERROR;
				CLANG_WARN_DOCUMENTATION_COMMENTS = YES;
				CLANG_WARN_EMPTY_BODY = YES;
				CLANG_WARN_ENUM_CONVERSION = YES;
				CLANG_WARN_INFINITE_RECURSION = YES;
				CLANG_WARN_INT_CONVERSION = YES;
				CLANG_WARN_NON_LITERAL_NULL_CONVERSION = YES;
				CLANG_WARN_OBJC_IMPLICIT_RETAIN_SELF = YES;
				CLANG_WARN_OBJC_LITERAL_CONVERSION = YES;
				CLANG_WARN_OBJC_ROOT_CLASS = YES_ERROR;
				CLANG_WARN_QUOTED_INCLUDE_IN_FRAMEWORK_HEADER = YES;
				CLANG_WARN_RANGE_LOOP_ANALYSIS = YES;
				CLANG_WARN_STRICT_PROTOTYPES = YES;
				CLANG_WARN_SUSPICIOUS_MOVE = YES;
				CLANG_WARN_UNGUARDED_AVAILABILITY = YES_AGGRESSIVE;
				CLANG_WARN_UNREACHABLE_CODE = YES;
				CLANG_WARN__DUPLICATE_METHOD_MATCH = YES;
				COPY_PHASE_STRIP = NO;
				DEBUG_INFORMATION_FORMAT = "dwarf-with-dsym";
				ENABLE_NS_ASSERTIONS = NO;
				ENABLE_STRICT_OBJC_MSGSEND = YES;
				ENABLE_USER_SCRIPT_SANDBOXING = YES;
				GCC_C_LANGUAGE_STANDARD = gnu17;
				GCC_NO_COMMON_BLOCKS = YES;
				GCC_WARN_64_TO_32_BIT_CONVERSION = YES;
				GCC_WARN_ABOUT_RETURN_TYPE = YES_ERROR;
				GCC_WARN_UNDECLARED_SELECTOR = YES;
				GCC_WARN_UNINITIALIZED_AUTOS = YES_AGGRESSIVE;
				GCC_WARN_UNUSED_FUNCTION = YES;
				GCC_WARN_UNUSED_VARIABLE = YES;
				MACOSX_DEPLOYMENT_TARGET = 14.0;
				MTL_ENABLE_DEBUG_INFO = NO;
				MTL_FAST_MATH = YES;
				SDKROOT = macosx;
				SWIFT_COMPILATION_MODE = wholemodule;
				SWIFT_OPTIMIZATION_LEVEL = "-O";
				SWIFT_VERSION = 6.0;
			};
			name = Release;
		};
		300000000000000000005003 /* Debug */ = {
			isa = XCBuildConfiguration;
			buildSettings = {
				CODE_SIGN_ENTITLEMENTS = Support/OrbitaApp/OrbitaApp.entitlements;
				CODE_SIGN_IDENTITY = "-";
				CODE_SIGN_STYLE = Manual;
				COMBINE_HIDPI_IMAGES = YES;
				CURRENT_PROJECT_VERSION = 1;
				DEVELOPMENT_TEAM = "";
				ENABLE_HARDENED_RUNTIME = YES;
				GENERATE_INFOPLIST_FILE = NO;
				INFOPLIST_FILE = Support/OrbitaApp/Info.plist;
				LD_RUNPATH_SEARCH_PATHS = (
					"$(inherited)",
					"@executable_path/../Frameworks",
				);
				MARKETING_VERSION = 0.1.0;
				PRODUCT_BUNDLE_IDENTIFIER = dev.orbita.app;
				PRODUCT_NAME = Orbita;
				SKIP_INSTALL = NO;
				SWIFT_VERSION = 6.0;
			};
			name = Debug;
		};
		300000000000000000005004 /* Release */ = {
			isa = XCBuildConfiguration;
			buildSettings = {
				CODE_SIGN_ENTITLEMENTS = Support/OrbitaApp/OrbitaApp.entitlements;
				CODE_SIGN_IDENTITY = "-";
				CODE_SIGN_STYLE = Manual;
				COMBINE_HIDPI_IMAGES = YES;
				CURRENT_PROJECT_VERSION = 1;
				DEVELOPMENT_TEAM = "";
				ENABLE_HARDENED_RUNTIME = YES;
				GENERATE_INFOPLIST_FILE = NO;
				INFOPLIST_FILE = Support/OrbitaApp/Info.plist;
				LD_RUNPATH_SEARCH_PATHS = (
					"$(inherited)",
					"@executable_path/../Frameworks",
				);
				MARKETING_VERSION = 0.1.0;
				PRODUCT_BUNDLE_IDENTIFIER = dev.orbita.app;
				PRODUCT_NAME = Orbita;
				SKIP_INSTALL = NO;
				SWIFT_VERSION = 6.0;
			};
			name = Release;
		};
		300000000000000000005005 /* Debug */ = {
			isa = XCBuildConfiguration;
			buildSettings = {
				CODE_SIGN_STYLE = Manual;
				DEFINES_MODULE = YES;
				MACH_O_TYPE = staticlib;
				PRODUCT_NAME = OrbitaCore;
				SKIP_INSTALL = YES;
				SWIFT_VERSION = 6.0;
			};
			name = Debug;
		};
		300000000000000000005006 /* Release */ = {
			isa = XCBuildConfiguration;
			buildSettings = {
				CODE_SIGN_STYLE = Manual;
				DEFINES_MODULE = YES;
				MACH_O_TYPE = staticlib;
				PRODUCT_NAME = OrbitaCore;
				SKIP_INSTALL = YES;
				SWIFT_VERSION = 6.0;
			};
			name = Release;
		};
/* End XCBuildConfiguration section */

/* Begin XCConfigurationList section */
		300000000000000000006001 /* Build configuration list for PBXProject "Orbita" */ = {
			isa = XCConfigurationList;
			buildConfigurations = (
				300000000000000000005001 /* Debug */,
				300000000000000000005002 /* Release */,
			);
			defaultConfigurationIsVisible = 0;
			defaultConfigurationName = Release;
		};
		300000000000000000006002 /* Build configuration list for PBXNativeTarget "Orbita" */ = {
			isa = XCConfigurationList;
			buildConfigurations = (
				300000000000000000005003 /* Debug */,
				300000000000000000005004 /* Release */,
			);
			defaultConfigurationIsVisible = 0;
			defaultConfigurationName = Release;
		};
		300000000000000000006003 /* Build configuration list for PBXNativeTarget "OrbitaCore" */ = {
			isa = XCConfigurationList;
			buildConfigurations = (
				300000000000000000005005 /* Debug */,
				300000000000000000005006 /* Release */,
			);
			defaultConfigurationIsVisible = 0;
			defaultConfigurationName = Release;
		};
/* End XCConfigurationList section */
	};
	rootObject = 000000000000000000000001 /* Project object */;
}
